
Microsoft Visual Studio Solution File, Format Version 12.00
# Visual Studio Version 17
VisualStudioVersion = 17.4.33110.190
MinimumVisualStudioVersion = 10.0.40219.1
Project("{FAE04EC0-301F-11D3-BF4B-00C04F79EFBC}") = "Assignment_A1_01", "Assignment_A1_01\Assignment_A1_01.csproj", "{51A71B8C-7B0F-4BCB-85E1-CD738227D427}"
EndProject
Project("{FAE04EC0-301F-11D3-BF4B-00C04F79EFBC}") = "Assignment_A1_02", "Assignment_A1_02\Assignment_A1_02.csproj", "{2B3F7BC4-6A9D-48B5-B8D2-CBFD6DE92E7E}"
EndProject
Project("{FAE04EC0-301F-11D3-BF4B-00C04F79EFBC}") = "Assignment_A1_03", "Assignment_A1_03\Assignment_A1_03.csproj", "{5F78AFEB-5C38-4002-A377-7186698C8A15}"
EndProject
Project("{FAE04EC0-301F-11D3-BF4B-00C04F79EFBC}") = "Assignment_A2_01", "Assignment_A2_01\Assignment_A2_01.csproj", "{B34F8E5C-23D4-4DAF-AD80-B5565351C2A1}"
EndProject
Project("{FAE04EC0-301F-11D3-BF4B-00C04F79EFBC}") = "Assignment_A2_02", "Assignment_A2_02\Assignment_A2_02.csproj", "{4526FF99-0F69-46A7-97A4-86015C9B1D31}"
EndProject
Project("{FAE04EC0-301F-11D3-BF4B-00C04F79EFBC}") = "Assignment_A2_03", "Assignment_A2_03\Assignment_A2_03.csproj", "{2D419827-BC7A-491C-BEEF-CDE608FEDE44}"
EndProject
Project("{FAE04EC0-301F-11D3-BF4B-00C04F79EFBC}") = "Assignment_A2_04", "Assignment_A2_04\Assignment_A2_04.csproj", "{14B06018-FF7A-4815-9916-FDC540348BDB}"
EndProject
Global
	GlobalSection(SolutionConfigurationPlatforms) = preSolution
		Debug|Any CPU = Debug|Any CPU
		Release|Any CPU = Release|Any CPU
	EndGlobalSection
	GlobalSection(ProjectConfigurationPlatforms) = postSolution
		{51A71B8C-7B0F-4BCB-85E1-CD738227D427}.Debug|Any CPU.ActiveCfg = Debug|Any CPU
		{51A71B8C-7B0F-4BCB-85E1-CD738227D427}.Debug|Any CPU.Build.0 = Debug|Any CPU
		{51A71B8C-7B0F-4BCB-85E1-CD738227D427}.Release|Any CPU.ActiveCfg = Release|Any CPU
		{51A71B8C-7B0F-4BCB-85E1-CD738227D427}.Release|Any CPU.Build.0 = Release|Any CPU
		{2B3F7BC4-6A9D-48B5-B8D2-CBFD6DE92E7E}.Debug|Any CPU.ActiveCfg = Debug|Any CPU
		{2B3F7BC4-6A9D-48B5-B8D2-CBFD6DE92E7E}.Debug|Any CPU.Build.0 = Debug|Any CPU
		{2B3F7BC4-6A9D-48B5-B8D2-CBFD6DE92E7E}.Release|Any CPU.ActiveCfg = Release|Any CPU
		{2B3F7BC4-6A9D-48B5-B8D2-CBFD6DE92E7E}.Release|Any CPU.Build.0 = Release|Any CPU
		{5F78AFEB-5C38-4002-A377-7186698C8A15}.Debug|Any CPU.ActiveCfg = Debug|Any CPU
		{5F78AFEB-5C38-4002-A377-7186698C8A15}.Debug|Any CPU.Build.0 = Debug|Any CPU
		{5F78AFEB-5C38-4002-A377-7186698C8A15}.Release|Any CPU.ActiveCfg = Release|Any CPU
		{5F78AFEB-5C38-4002-A377-7186698C8A15}.Release|Any CPU.Build.0 = Release|Any CPU
		{B34F8E5C-23D4-4DAF-AD80-B5565351C2A1}.Debug|Any CPU.ActiveCfg = Debug|Any CPU
		{B34F8E5C-23D4-4DAF-AD80-B5565351C2A1}.Debug|Any CPU.Build.0 = Debug|Any CPU
		{B34F8E5C-23D4-4DAF-AD80-B5565351C2A1}.Release|Any CPU.ActiveCfg = Release|Any CPU
		{B34F8E5C-23D4-4DAF-AD80-B5565351C2A1}.Release|Any CPU.Build.0 = Release|Any CPU
		{4526FF99-0F69-46A7-97A4-86015C9B1D31}.Debug|Any CPU.ActiveCfg = Debug|Any CPU
		{4526FF99-0F69-46A7-97A4-86015C9B1D31}.Debug|Any CPU.Build.0 = Debug|Any CPU
		{4526FF99-0F69-46A7-97A4-86015C9B1D31}.Release|Any CPU.ActiveCfg = Release|Any CPU
		{4526FF99-0F69-46A7-97A4-86015C9B1D31}.Release|Any CPU.Build.0 = Release|Any CPU
		{2D419827-BC7A-491C-BEEF-CDE608FEDE44}.Debug|Any CPU.ActiveCfg = Debug|Any CPU
		{2D419827-BC7A-491C-BEEF-CDE608FEDE44}.Debug|Any CPU.Build.0 = Debug|Any CPU
		{2D419827-BC7A-491C-BEEF-CDE608FEDE44}.Release|Any CPU.ActiveCfg = Release|Any CPU
		{2D419827-BC7A-491C-BEEF-CDE608FEDE44}.Release|Any CPU.Build.0 = Release|Any CPU
		{14B06018-FF7A-4815-9916-FDC540348BDB}.Debug|Any CPU.ActiveCfg = Debug|Any CPU
		{14B06018-FF7A-4815-9916-FDC540348BDB}.Debug|Any CPU.Build.0 = Debug|Any CPU
		{14B06018-FF7A-4815-9916-FDC540348BDB}.Release|Any CPU.ActiveCfg = Release|Any CPU
		{14B06018-FF7A-4815-9916-FDC540348BDB}.Release|Any CPU.Build.0 = Release|Any CPU
	EndGlobalSection
	GlobalSection(SolutionProperties) = preSolution
		HideSolutionNode = FALSE
	EndGlobalSection
	GlobalSection(ExtensibilityGlobals) = postSolution
		SolutionGuid = {836A293F-9BD6-4903-A1D6-BDC3F08BA243}
	EndGlobalSection
EndGlobal
